
Microsoft Visual Studio Solution File, Format Version 12.00
# Visual Studio Version 17
VisualStudioVersion = 17.6.33815.320
MinimumVisualStudioVersion = 10.0.40219.1
Project("{FAE04EC0-301F-11D3-BF4B-00C04F79EFBC}") = "3", "3\3.csproj", "{BD5EE83A-2521-4194-8788-38D0FF2F31B9}"
EndProject
Global
	GlobalSection(SolutionConfigurationPlatforms) = preSolution
		Debug|Any CPU = Debug|Any CPU
		Release|Any CPU = Release|Any CPU
	EndGlobalSection
	GlobalSection(ProjectConfigurationPlatforms) = postSolution
		{BD5EE83A-2521-4194-8788-38D0FF2F31B9}.Debug|Any CPU.ActiveCfg = Debug|Any CPU
		{BD5EE83A-2521-4194-8788-38D0FF2F31B9}.Debug|Any CPU.Build.0 = Debug|Any CPU
		{BD5EE83A-2521-4194-8788-38D0FF2F31B9}.Release|Any CPU.ActiveCfg = Release|Any CPU
		{BD5EE83A-2521-4194-8788-38D0FF2F31B9}.Release|Any CPU.Build.0 = Release|Any CPU
	EndGlobalSection
	GlobalSection(SolutionProperties) = preSolution
		HideSolutionNode = FALSE
	EndGlobalSection
	GlobalSection(ExtensibilityGlobals) = postSolution
		SolutionGuid = {996E2008-5609-444D-AB21-30E6F120E5AE}
	EndGlobalSection
EndGlobal
